
Microsoft Visual Studio Solution File, Format Version 12.00
# Visual Studio Version 17
VisualStudioVersion = 17.2.32630.192
MinimumVisualStudioVersion = 10.0.40219.1
Project("{FAE04EC0-301F-11D3-BF4B-00C04F79EFBC}") = "CardsHandlerServerPart", "CardsHandlerServerPart\CardsHandlerServerPart.csproj", "{09B6D68E-522F-4B01-AF06-52F5B7F54963}"
EndProject
Global
	GlobalSection(SolutionConfigurationPlatforms) = preSolution
		Debug|Any CPU = Debug|Any CPU
		Release|Any CPU = Release|Any CPU
	EndGlobalSection
	GlobalSection(ProjectConfigurationPlatforms) = postSolution
		{09B6D68E-522F-4B01-AF06-52F5B7F54963}.Debug|Any CPU.ActiveCfg = Debug|Any CPU
		{09B6D68E-522F-4B01-AF06-52F5B7F54963}.Debug|Any CPU.Build.0 = Debug|Any CPU
		{09B6D68E-522F-4B01-AF06-52F5B7F54963}.Release|Any CPU.ActiveCfg = Release|Any CPU
		{09B6D68E-522F-4B01-AF06-52F5B7F54963}.Release|Any CPU.Build.0 = Release|Any CPU
	EndGlobalSection
	GlobalSection(SolutionProperties) = preSolution
		HideSolutionNode = FALSE
	EndGlobalSection
	GlobalSection(ExtensibilityGlobals) = postSolution
		SolutionGuid = {30F8CB9C-33B9-425B-81A5-CA65BE9A62CB}
	EndGlobalSection
EndGlobal
